{
  "name": "ng-apexcharts",
  "version": "1.14.0",
  "lockfileVersion": 3,
  "requires": true,
  "packages": {
    "": {
      "name": "ng-apexcharts",
      "version": "1.14.0",
      "license": "MIT",
      "dependencies": {
        "tslib": "^2.0.0"
      },
      "peerDependencies": {
        "@angular/common": "^19.0.0",
        "@angular/core": "^19.0.0",
        "apexcharts": ">=4.0.0",
        "rxjs": "^6.5.5 || ^7.4.0"
      }
    },
    "node_modules/@angular/common": {
      "version": "19.0.0",
      "resolved": "https://registry.npmjs.org/@angular/common/-/common-19.0.0.tgz",
      "integrity": "sha512-kb2iS26GZS0vyR3emAQbIiQifnK5M5vnbclEHni+pApDEU5V9FufbdRP3vCxs28UHZvAZKB0LrxkTrnT6T+z5g==",
      "peer": true,
      "dependencies": {
        "tslib": "^2.3.0"
      },
      "engines": {
        "node": "^18.19.1 || ^20.11.1 || >=22.0.0"
      },
      "peerDependencies": {
        "@angular/core": "19.0.0",
        "rxjs": "^6.5.3 || ^7.4.0"
      }
    },
    "node_modules/@angular/core": {
      "version": "19.0.0",
      "resolved": "https://registry.npmjs.org/@angular/core/-/core-19.0.0.tgz",
      "integrity": "sha512-aNG2kd30BOM/zf0jC+aEVG8OA27IwqCki9EkmyRNYnaP2O5Mj1n7JpCyZGI+0LrWTJ2UUCfRNZiZdZwmNThr1Q==",
      "peer": true,
      "dependencies": {
        "tslib": "^2.3.0"
      },
      "engines": {
        "node": "^18.19.1 || ^20.11.1 || >=22.0.0"
      },
      "peerDependencies": {
        "rxjs": "^6.5.3 || ^7.4.0",
        "zone.js": "~0.15.0"
      }
    },
    "node_modules/@svgdotjs/svg.draggable.js": {
      "version": "3.0.4",
      "resolved": "https://registry.npmjs.org/@svgdotjs/svg.draggable.js/-/svg.draggable.js-3.0.4.tgz",
      "integrity": "sha512-vWi/Col5Szo74HJVBgMHz23kLVljt3jvngmh0DzST45iO2ubIZ487uUAHIxSZH2tVRyiaaTL+Phaasgp4gUD2g==",
      "peer": true,
      "peerDependencies": {
        "@svgdotjs/svg.js": "^3.2.4"
      }
    },
    "node_modules/@svgdotjs/svg.filter.js": {
      "version": "3.0.8",
      "resolved": "https://registry.npmjs.org/@svgdotjs/svg.filter.js/-/svg.filter.js-3.0.8.tgz",
      "integrity": "sha512-YshF2YDaeRA2StyzAs5nUPrev7npQ38oWD0eTRwnsciSL2KrRPMoUw8BzjIXItb3+dccKGTX3IQOd2NFzmHkog==",
      "peer": true,
      "dependencies": {
        "@svgdotjs/svg.js": "^3.1.1"
      },
      "engines": {
        "node": ">= 0.8.0"
      }
    },
    "node_modules/@svgdotjs/svg.js": {
      "version": "3.2.4",
      "resolved": "https://registry.npmjs.org/@svgdotjs/svg.js/-/svg.js-3.2.4.tgz",
      "integrity": "sha512-BjJ/7vWNowlX3Z8O4ywT58DqbNRyYlkk6Yz/D13aB7hGmfQTvGX4Tkgtm/ApYlu9M7lCQi15xUEidqMUmdMYwg==",
      "peer": true,
      "funding": {
        "type": "github",
        "url": "https://github.com/sponsors/Fuzzyma"
      }
    },
    "node_modules/@svgdotjs/svg.resize.js": {
      "version": "2.0.4",
      "resolved": "https://registry.npmjs.org/@svgdotjs/svg.resize.js/-/svg.resize.js-2.0.4.tgz",
      "integrity": "sha512-TRzYv0xh/eF7dOsse/asi/Bn+O8vvNRPlVUvYwTje2lKpGvT65ncXuqNWDNnhxJKlp5NcgMxfM5VMKL8c1WNTQ==",
      "peer": true,
      "engines": {
        "node": ">= 14.18"
      },
      "peerDependencies": {
        "@svgdotjs/svg.js": "^3.2.4",
        "@svgdotjs/svg.select.js": "^4.0.1"
      }
    },
    "node_modules/@svgdotjs/svg.select.js": {
      "version": "4.0.1",
      "resolved": "https://registry.npmjs.org/@svgdotjs/svg.select.js/-/svg.select.js-4.0.1.tgz",
      "integrity": "sha512-pDFEDN7M6gBXYcx09anniVvI1f08W9UQCVMAt3tUalyL42sbdIP5vVefX0wBY68J1zVtp+F70zIP1mhVTwkedQ==",
      "peer": true,
      "engines": {
        "node": ">= 14.18"
      },
      "peerDependencies": {
        "@svgdotjs/svg.js": "^3.2.4"
      }
    },
    "node_modules/@yr/monotone-cubic-spline": {
      "version": "1.0.3",
      "resolved": "https://registry.npmjs.org/@yr/monotone-cubic-spline/-/monotone-cubic-spline-1.0.3.tgz",
      "integrity": "sha512-FQXkOta0XBSUPHndIKON2Y9JeQz5ZeMqLYZVVK93FliNBFm7LNMIZmY6FrMEB9XPcDbE2bekMbZD6kzDkxwYjA==",
      "peer": true
    },
    "node_modules/apexcharts": {
      "version": "4.0.0",
      "resolved": "https://registry.npmjs.org/apexcharts/-/apexcharts-4.0.0.tgz",
      "integrity": "sha512-6G4Zuph04abbUzzroHXkXARk0LwKdBdQQo5+zRebi+sOoj5Q/toj4z6QMB6e6w/FdkeaO1i3NH3LnCv8hcqczw==",
      "peer": true,
      "dependencies": {
        "@svgdotjs/svg.draggable.js": "^3.0.4",
        "@svgdotjs/svg.filter.js": "^3.0.8",
        "@svgdotjs/svg.js": "^3.2.4",
        "@svgdotjs/svg.resize.js": "^2.0.2",
        "@svgdotjs/svg.select.js": "^4.0.1",
        "@yr/monotone-cubic-spline": "^1.0.3"
      }
    },
    "node_modules/rxjs": {
      "version": "7.8.1",
      "resolved": "https://registry.npmjs.org/rxjs/-/rxjs-7.8.1.tgz",
      "integrity": "sha512-AA3TVj+0A2iuIoQkWEK/tqFjBq2j+6PO6Y0zJcvzLAFhEFIO3HL0vls9hWLncZbAAbK0mar7oZ4V079I/qPMxg==",
      "peer": true,
      "dependencies": {
        "tslib": "^2.1.0"
      }
    },
    "node_modules/tslib": {
      "version": "2.6.3",
      "resolved": "https://registry.npmjs.org/tslib/-/tslib-2.6.3.tgz",
      "integrity": "sha512-xNvxJEOUiWPGhUuUdQgAJPKOOJfGnIyKySOc09XkKsgdUV/3E2zvwZYdejjmRgPCgcym1juLH3226yA7sEFJKQ=="
    },
    "node_modules/zone.js": {
      "version": "0.15.0",
      "resolved": "https://registry.npmjs.org/zone.js/-/zone.js-0.15.0.tgz",
      "integrity": "sha512-9oxn0IIjbCZkJ67L+LkhYWRyAy7axphb3VgE2MBDlOqnmHMPWGYMxJxBYFueFq/JGY2GMwS0rU+UCLunEmy5UA==",
      "peer": true
    }
  }
}
