{
  "name": "ng-apexcharts",
  "version": "2.0.3",
  "lockfileVersion": 3,
  "requires": true,
  "packages": {
    "": {
      "name": "ng-apexcharts",
      "version": "2.0.3",
      "dependencies": {
        "tslib": "^2.8.1"
      },
      "peerDependencies": {
        "@angular/common": ">=20.0.0",
        "@angular/core": ">=20.0.0",
        "apexcharts": "^5.3.2",
        "rxjs": "^7.8.2"
      }
    },
    "node_modules/@angular/common": {
      "version": "20.3.14",
      "resolved": "https://registry.npmjs.org/@angular/common/-/common-20.3.14.tgz",
      "integrity": "sha512-OOUvjTtnpktJLsNupA+GFT2q5zNocPdpOENA8aSrXvAheNybLjgi+otO3U3sQsvB1VwaoEZ9GT5O3lZlstnA/A==",
      "license": "MIT",
      "peer": true,
      "dependencies": {
        "tslib": "^2.3.0"
      },
      "engines": {
        "node": "^20.19.0 || ^22.12.0 || >=24.0.0"
      },
      "peerDependencies": {
        "@angular/core": "20.3.14",
        "rxjs": "^6.5.3 || ^7.4.0"
      }
    },
    "node_modules/@angular/core": {
      "version": "20.3.14",
      "resolved": "https://registry.npmjs.org/@angular/core/-/core-20.3.14.tgz",
      "integrity": "sha512-rpyEbhWF6Fj/xI9IvNLZh5QBUYnoXuF7vX54CCtyQ2MHALxRR/aa1WRxjRM96cF2OqodQ/Gj3oYW8ei8hlBh4w==",
      "license": "MIT",
      "peer": true,
      "dependencies": {
        "tslib": "^2.3.0"
      },
      "engines": {
        "node": "^20.19.0 || ^22.12.0 || >=24.0.0"
      },
      "peerDependencies": {
        "@angular/compiler": "20.3.14",
        "rxjs": "^6.5.3 || ^7.4.0",
        "zone.js": "~0.15.0"
      },
      "peerDependenciesMeta": {
        "@angular/compiler": {
          "optional": true
        },
        "zone.js": {
          "optional": true
        }
      }
    },
    "node_modules/@svgdotjs/svg.draggable.js": {
      "version": "3.0.4",
      "resolved": "https://registry.npmjs.org/@svgdotjs/svg.draggable.js/-/svg.draggable.js-3.0.4.tgz",
      "integrity": "sha512-vWi/Col5Szo74HJVBgMHz23kLVljt3jvngmh0DzST45iO2ubIZ487uUAHIxSZH2tVRyiaaTL+Phaasgp4gUD2g==",
      "peer": true,
      "peerDependencies": {
        "@svgdotjs/svg.js": "^3.2.4"
      }
    },
    "node_modules/@svgdotjs/svg.filter.js": {
      "version": "3.0.8",
      "resolved": "https://registry.npmjs.org/@svgdotjs/svg.filter.js/-/svg.filter.js-3.0.8.tgz",
      "integrity": "sha512-YshF2YDaeRA2StyzAs5nUPrev7npQ38oWD0eTRwnsciSL2KrRPMoUw8BzjIXItb3+dccKGTX3IQOd2NFzmHkog==",
      "peer": true,
      "dependencies": {
        "@svgdotjs/svg.js": "^3.1.1"
      },
      "engines": {
        "node": ">= 0.8.0"
      }
    },
    "node_modules/@svgdotjs/svg.js": {
      "version": "3.2.4",
      "resolved": "https://registry.npmjs.org/@svgdotjs/svg.js/-/svg.js-3.2.4.tgz",
      "integrity": "sha512-BjJ/7vWNowlX3Z8O4ywT58DqbNRyYlkk6Yz/D13aB7hGmfQTvGX4Tkgtm/ApYlu9M7lCQi15xUEidqMUmdMYwg==",
      "peer": true,
      "funding": {
        "type": "github",
        "url": "https://github.com/sponsors/Fuzzyma"
      }
    },
    "node_modules/@svgdotjs/svg.resize.js": {
      "version": "2.0.4",
      "resolved": "https://registry.npmjs.org/@svgdotjs/svg.resize.js/-/svg.resize.js-2.0.4.tgz",
      "integrity": "sha512-TRzYv0xh/eF7dOsse/asi/Bn+O8vvNRPlVUvYwTje2lKpGvT65ncXuqNWDNnhxJKlp5NcgMxfM5VMKL8c1WNTQ==",
      "peer": true,
      "engines": {
        "node": ">= 14.18"
      },
      "peerDependencies": {
        "@svgdotjs/svg.js": "^3.2.4",
        "@svgdotjs/svg.select.js": "^4.0.1"
      }
    },
    "node_modules/@svgdotjs/svg.select.js": {
      "version": "4.0.1",
      "resolved": "https://registry.npmjs.org/@svgdotjs/svg.select.js/-/svg.select.js-4.0.1.tgz",
      "integrity": "sha512-pDFEDN7M6gBXYcx09anniVvI1f08W9UQCVMAt3tUalyL42sbdIP5vVefX0wBY68J1zVtp+F70zIP1mhVTwkedQ==",
      "peer": true,
      "engines": {
        "node": ">= 14.18"
      },
      "peerDependencies": {
        "@svgdotjs/svg.js": "^3.2.4"
      }
    },
    "node_modules/@yr/monotone-cubic-spline": {
      "version": "1.0.3",
      "resolved": "https://registry.npmjs.org/@yr/monotone-cubic-spline/-/monotone-cubic-spline-1.0.3.tgz",
      "integrity": "sha512-FQXkOta0XBSUPHndIKON2Y9JeQz5ZeMqLYZVVK93FliNBFm7LNMIZmY6FrMEB9XPcDbE2bekMbZD6kzDkxwYjA==",
      "peer": true
    },
    "node_modules/apexcharts": {
      "version": "5.3.2",
      "resolved": "https://registry.npmjs.org/apexcharts/-/apexcharts-5.3.2.tgz",
      "integrity": "sha512-qeKIS5CS/n+CoNNwbd69G4rRc3we5/8g5Mu46OumqH7pCMSN4MhI2lr0xDY/ktBlFh94YuM9psc9WX6EWtC90g==",
      "license": "SEE LICENSE IN LICENSE",
      "peer": true,
      "dependencies": {
        "@svgdotjs/svg.draggable.js": "^3.0.4",
        "@svgdotjs/svg.filter.js": "^3.0.8",
        "@svgdotjs/svg.js": "^3.2.4",
        "@svgdotjs/svg.resize.js": "^2.0.2",
        "@svgdotjs/svg.select.js": "^4.0.1",
        "@yr/monotone-cubic-spline": "^1.0.3"
      }
    },
    "node_modules/rxjs": {
      "version": "7.8.2",
      "resolved": "https://registry.npmjs.org/rxjs/-/rxjs-7.8.2.tgz",
      "integrity": "sha512-dhKf903U/PQZY6boNNtAGdWbG85WAbjT/1xYoZIC7FAY0yWapOBQVsVrDl58W86//e1VpMNBtRV4MaXfdMySFA==",
      "license": "Apache-2.0",
      "peer": true,
      "dependencies": {
        "tslib": "^2.1.0"
      }
    },
    "node_modules/tslib": {
      "version": "2.8.1",
      "resolved": "https://registry.npmjs.org/tslib/-/tslib-2.8.1.tgz",
      "integrity": "sha512-oJFu94HQb+KVduSUQL7wnpmqnfmLsOA/nAh6b6EH0wCEoK0/mPeXU6c3wKDV83MkOuHPRHtSXKKU99IBazS/2w==",
      "license": "0BSD"
    }
  }
}
